// !$*UTF8*$!
{
	archiveVersion = 1;
	classes = {
	};
	objectVersion = 46;
	objects = {

/* Begin PBXBuildFile section */
		BE6568D81F57DE10007E41D2 /* AppDelegate.swift in Sources */ = {isa = PBXBuildFile; fileRef = BE6568D71F57DE10007E41D2 /* AppDelegate.swift */; };
		BE6568DA1F57DE10007E41D2 /* ViewController.swift in Sources */ = {isa = PBXBuildFile; fileRef = BE6568D91F57DE10007E41D2 /* ViewController.swift */; };
		BE6568DD1F57DE10007E41D2 /* Main.storyboard in Resources */ = {isa = PBXBuildFile; fileRef = BE6568DB1F57DE10007E41D2 /* Main.storyboard */; };
		BE6568DF1F57DE10007E41D2 /* Assets.xcassets in Resources */ = {isa = PBXBuildFile; fileRef = BE6568DE1F57DE10007E41D2 /* Assets.xcassets */; };
		BE6568E21F57DE10007E41D2 /* LaunchScreen.storyboard in Resources */ = {isa = PBXBuildFile; fileRef = BE6568E01F57DE10007E41D2 /* LaunchScreen.storyboard */; };
		BE6568ED1F57DE10007E41D2 /* KinietaTests.swift in Sources */ = {isa = PBXBuildFile; fileRef = BE6568EC1F57DE10007E41D2 /* KinietaTests.swift */; };
		BE6568FA1F652B6C007E41D2 /* Action.swift in Sources */ = {isa = PBXBuildFile; fileRef = BE6568F91F652B6C007E41D2 /* Action.swift */; };
		BE6568FC1F6536E0007E41D2 /* Pause.swift in Sources */ = {isa = PBXBuildFile; fileRef = BE6568FB1F6536E0007E41D2 /* Pause.swift */; };
		BE6568FE1F656019007E41D2 /* Group.swift in Sources */ = {isa = PBXBuildFile; fileRef = BE6568FD1F656019007E41D2 /* Group.swift */; };
		C772DF781F57F33100A3F690 /* Animation.swift in Sources */ = {isa = PBXBuildFile; fileRef = C772DF771F57F33100A3F690 /* Animation.swift */; };
		C772DF7C1F58129000A3F690 /* Bezier.swift in Sources */ = {isa = PBXBuildFile; fileRef = C772DF7B1F58129000A3F690 /* Bezier.swift */; };
		C772DF7E1F581B7B00A3F690 /* Easing.swift in Sources */ = {isa = PBXBuildFile; fileRef = C772DF7D1F581B7B00A3F690 /* Easing.swift */; };
		C772DF801F5D4FA200A3F690 /* Animation.swift in Sources */ = {isa = PBXBuildFile; fileRef = C772DF771F57F33100A3F690 /* Animation.swift */; };
		C772DF811F5D4FA600A3F690 /* Bezier.swift in Sources */ = {isa = PBXBuildFile; fileRef = C772DF7B1F58129000A3F690 /* Bezier.swift */; };
		C772DF821F5D4FA800A3F690 /* Easing.swift in Sources */ = {isa = PBXBuildFile; fileRef = C772DF7D1F581B7B00A3F690 /* Easing.swift */; };
		C772DF841F5D51F100A3F690 /* CalculationsTests.swift in Sources */ = {isa = PBXBuildFile; fileRef = C772DF831F5D51F100A3F690 /* CalculationsTests.swift */; };
		C77895871F8B6ADA004A6274 /* Sequence.swift in Sources */ = {isa = PBXBuildFile; fileRef = C77895861F8B6ADA004A6274 /* Sequence.swift */; };
		C7937B881F8CDF8C00B54DC0 /* Sequence.swift in Sources */ = {isa = PBXBuildFile; fileRef = C77895861F8B6ADA004A6274 /* Sequence.swift */; };
		C7937B8E1F8E301B00B54DC0 /* Collection.swift in Sources */ = {isa = PBXBuildFile; fileRef = C7937B8D1F8E301B00B54DC0 /* Collection.swift */; };
		C7937B901F8E30D900B54DC0 /* Kinieta.swift in Sources */ = {isa = PBXBuildFile; fileRef = C7937B8F1F8E30D900B54DC0 /* Kinieta.swift */; };
		C7937B921F8E4AA000B54DC0 /* Kinieta.swift in Sources */ = {isa = PBXBuildFile; fileRef = C7937B8F1F8E30D900B54DC0 /* Kinieta.swift */; };
		C7B25AD81F5FCE9B0060071E /* Engine.swift in Sources */ = {isa = PBXBuildFile; fileRef = C7B25AD71F5FCE9B0060071E /* Engine.swift */; };
		C7B25ADA1F5FCEFA0060071E /* Transformations.swift in Sources */ = {isa = PBXBuildFile; fileRef = C7B25AD91F5FCEFA0060071E /* Transformations.swift */; };
		C7B25ADC1F5FD0AA0060071E /* View.swift in Sources */ = {isa = PBXBuildFile; fileRef = C7B25ADB1F5FD0AA0060071E /* View.swift */; };
/* End PBXBuildFile section */

/* Begin PBXContainerItemProxy section */
		BE6568E91F57DE10007E41D2 /* PBXContainerItemProxy */ = {
			isa = PBXContainerItemProxy;
			containerPortal = BE6568CC1F57DE10007E41D2 /* Project object */;
			proxyType = 1;
			remoteGlobalIDString = BE6568D31F57DE10007E41D2;
			remoteInfo = Kinieta;
		};
/* End PBXContainerItemProxy section */

/* Begin PBXFileReference section */
		BE6568D41F57DE10007E41D2 /* Kinieta.app */ = {isa = PBXFileReference; explicitFileType = wrapper.application; includeInIndex = 0; path = Kinieta.app; sourceTree = BUILT_PRODUCTS_DIR; };
		BE6568D71F57DE10007E41D2 /* AppDelegate.swift */ = {isa = PBXFileReference; lastKnownFileType = sourcecode.swift; path = AppDelegate.swift; sourceTree = "<group>"; };
		BE6568D91F57DE10007E41D2 /* ViewController.swift */ = {isa = PBXFileReference; lastKnownFileType = sourcecode.swift; path = ViewController.swift; sourceTree = "<group>"; };
		BE6568DC1F57DE10007E41D2 /* Base */ = {isa = PBXFileReference; lastKnownFileType = file.storyboard; name = Base; path = Base.lproj/Main.storyboard; sourceTree = "<group>"; };
		BE6568DE1F57DE10007E41D2 /* Assets.xcassets */ = {isa = PBXFileReference; lastKnownFileType = folder.assetcatalog; path = Assets.xcassets; sourceTree = "<group>"; };
		BE6568E11F57DE10007E41D2 /* Base */ = {isa = PBXFileReference; lastKnownFileType = file.storyboard; name = Base; path = Base.lproj/LaunchScreen.storyboard; sourceTree = "<group>"; };
		BE6568E31F57DE10007E41D2 /* Info.plist */ = {isa = PBXFileReference; lastKnownFileType = text.plist.xml; path = Info.plist; sourceTree = "<group>"; };
		BE6568E81F57DE10007E41D2 /* KinietaTests.xctest */ = {isa = PBXFileReference; explicitFileType = wrapper.cfbundle; includeInIndex = 0; path = KinietaTests.xctest; sourceTree = BUILT_PRODUCTS_DIR; };
		BE6568EC1F57DE10007E41D2 /* KinietaTests.swift */ = {isa = PBXFileReference; lastKnownFileType = sourcecode.swift; path = KinietaTests.swift; sourceTree = "<group>"; };
		BE6568EE1F57DE10007E41D2 /* Info.plist */ = {isa = PBXFileReference; lastKnownFileType = text.plist.xml; path = Info.plist; sourceTree = "<group>"; };
		BE6568F91F652B6C007E41D2 /* Action.swift */ = {isa = PBXFileReference; fileEncoding = 4; lastKnownFileType = sourcecode.swift; path = Action.swift; sourceTree = "<group>"; };
		BE6568FB1F6536E0007E41D2 /* Pause.swift */ = {isa = PBXFileReference; fileEncoding = 4; lastKnownFileType = sourcecode.swift; path = Pause.swift; sourceTree = "<group>"; };
		BE6568FD1F656019007E41D2 /* Group.swift */ = {isa = PBXFileReference; fileEncoding = 4; lastKnownFileType = sourcecode.swift; path = Group.swift; sourceTree = "<group>"; };
		C772DF771F57F33100A3F690 /* Animation.swift */ = {isa = PBXFileReference; fileEncoding = 4; lastKnownFileType = sourcecode.swift; path = Animation.swift; sourceTree = "<group>"; };
		C772DF7B1F58129000A3F690 /* Bezier.swift */ = {isa = PBXFileReference; fileEncoding = 4; lastKnownFileType = sourcecode.swift; path = Bezier.swift; sourceTree = "<group>"; };
		C772DF7D1F581B7B00A3F690 /* Easing.swift */ = {isa = PBXFileReference; fileEncoding = 4; lastKnownFileType = sourcecode.swift; path = Easing.swift; sourceTree = "<group>"; };
		C772DF831F5D51F100A3F690 /* CalculationsTests.swift */ = {isa = PBXFileReference; fileEncoding = 4; lastKnownFileType = sourcecode.swift; path = CalculationsTests.swift; sourceTree = "<group>"; };
		C77895861F8B6ADA004A6274 /* Sequence.swift */ = {isa = PBXFileReference; lastKnownFileType = sourcecode.swift; path = Sequence.swift; sourceTree = "<group>"; };
		C7937B8D1F8E301B00B54DC0 /* Collection.swift */ = {isa = PBXFileReference; lastKnownFileType = sourcecode.swift; path = Collection.swift; sourceTree = "<group>"; };
		C7937B8F1F8E30D900B54DC0 /* Kinieta.swift */ = {isa = PBXFileReference; lastKnownFileType = sourcecode.swift; path = Kinieta.swift; sourceTree = "<group>"; };
		C7B25AD71F5FCE9B0060071E /* Engine.swift */ = {isa = PBXFileReference; lastKnownFileType = sourcecode.swift; path = Engine.swift; sourceTree = "<group>"; };
		C7B25AD91F5FCEFA0060071E /* Transformations.swift */ = {isa = PBXFileReference; lastKnownFileType = sourcecode.swift; path = Transformations.swift; sourceTree = "<group>"; };
		C7B25ADB1F5FD0AA0060071E /* View.swift */ = {isa = PBXFileReference; lastKnownFileType = sourcecode.swift; path = View.swift; sourceTree = "<group>"; };
/* End PBXFileReference section */

/* Begin PBXFrameworksBuildPhase section */
		BE6568D11F57DE10007E41D2 /* Frameworks */ = {
			isa = PBXFrameworksBuildPhase;
			buildActionMask = 2147483647;
			files = (
			);
			runOnlyForDeploymentPostprocessing = 0;
		};
		BE6568E51F57DE10007E41D2 /* Frameworks */ = {
			isa = PBXFrameworksBuildPhase;
			buildActionMask = 2147483647;
			files = (
			);
			runOnlyForDeploymentPostprocessing = 0;
		};
/* End PBXFrameworksBuildPhase section */

/* Begin PBXGroup section */
		BE6568CB1F57DE10007E41D2 = {
			isa = PBXGroup;
			children = (
				BE6568D61F57DE10007E41D2 /* Kinieta */,
				BE6568EB1F57DE10007E41D2 /* KinietaTests */,
				BE6568D51F57DE10007E41D2 /* Products */,
			);
			sourceTree = "<group>";
		};
		BE6568D51F57DE10007E41D2 /* Products */ = {
			isa = PBXGroup;
			children = (
				BE6568D41F57DE10007E41D2 /* Kinieta.app */,
				BE6568E81F57DE10007E41D2 /* KinietaTests.xctest */,
			);
			name = Products;
			sourceTree = "<group>";
		};
		BE6568D61F57DE10007E41D2 /* Kinieta */ = {
			isa = PBXGroup;
			children = (
				C772DF761F57F32400A3F690 /* Kinieta */,
				BE6568D71F57DE10007E41D2 /* AppDelegate.swift */,
				BE6568D91F57DE10007E41D2 /* ViewController.swift */,
				BE6568DB1F57DE10007E41D2 /* Main.storyboard */,
				BE6568DE1F57DE10007E41D2 /* Assets.xcassets */,
				BE6568E01F57DE10007E41D2 /* LaunchScreen.storyboard */,
				BE6568E31F57DE10007E41D2 /* Info.plist */,
			);
			path = Kinieta;
			sourceTree = "<group>";
		};
		BE6568EB1F57DE10007E41D2 /* KinietaTests */ = {
			isa = PBXGroup;
			children = (
				BE6568EC1F57DE10007E41D2 /* KinietaTests.swift */,
				C772DF831F5D51F100A3F690 /* CalculationsTests.swift */,
				BE6568EE1F57DE10007E41D2 /* Info.plist */,
			);
			path = KinietaTests;
			sourceTree = "<group>";
		};
		C772DF761F57F32400A3F690 /* Kinieta */ = {
			isa = PBXGroup;
			children = (
				C7B25AD71F5FCE9B0060071E /* Engine.swift */,
				C7937B8F1F8E30D900B54DC0 /* Kinieta.swift */,
				BE6568F91F652B6C007E41D2 /* Action.swift */,
				C7937B911F8E485C00B54DC0 /* Collections */,
				C772DF771F57F33100A3F690 /* Animation.swift */,
				BE6568FB1F6536E0007E41D2 /* Pause.swift */,
				C772DF7B1F58129000A3F690 /* Bezier.swift */,
				C772DF7D1F581B7B00A3F690 /* Easing.swift */,
				C7B25ADB1F5FD0AA0060071E /* View.swift */,
				C7B25AD91F5FCEFA0060071E /* Transformations.swift */,
			);
			name = Kinieta;
			sourceTree = "<group>";
		};
		C7937B911F8E485C00B54DC0 /* Collections */ = {
			isa = PBXGroup;
			children = (
				C7937B8D1F8E301B00B54DC0 /* Collection.swift */,
				C77895861F8B6ADA004A6274 /* Sequence.swift */,
				BE6568FD1F656019007E41D2 /* Group.swift */,
			);
			name = Collections;
			sourceTree = "<group>";
		};
/* End PBXGroup section */

/* Begin PBXNativeTarget section */
		BE6568D31F57DE10007E41D2 /* Kinieta */ = {
			isa = PBXNativeTarget;
			buildConfigurationList = BE6568F11F57DE10007E41D2 /* Build configuration list for PBXNativeTarget "Kinieta" */;
			buildPhases = (
				BE6568D01F57DE10007E41D2 /* Sources */,
				BE6568D11F57DE10007E41D2 /* Frameworks */,
				BE6568D21F57DE10007E41D2 /* Resources */,
			);
			buildRules = (
			);
			dependencies = (
			);
			name = Kinieta;
			productName = Kinieta;
			productReference = BE6568D41F57DE10007E41D2 /* Kinieta.app */;
			productType = "com.apple.product-type.application";
		};
		BE6568E71F57DE10007E41D2 /* KinietaTests */ = {
			isa = PBXNativeTarget;
			buildConfigurationList = BE6568F41F57DE10007E41D2 /* Build configuration list for PBXNativeTarget "KinietaTests" */;
			buildPhases = (
				BE6568E41F57DE10007E41D2 /* Sources */,
				BE6568E51F57DE10007E41D2 /* Frameworks */,
				BE6568E61F57DE10007E41D2 /* Resources */,
			);
			buildRules = (
			);
			dependencies = (
				BE6568EA1F57DE10007E41D2 /* PBXTargetDependency */,
			);
			name = KinietaTests;
			productName = KinietaTests;
			productReference = BE6568E81F57DE10007E41D2 /* KinietaTests.xctest */;
			productType = "com.apple.product-type.bundle.unit-test";
		};
/* End PBXNativeTarget section */

/* Begin PBXProject section */
		BE6568CC1F57DE10007E41D2 /* Project object */ = {
			isa = PBXProject;
			attributes = {
				LastSwiftUpdateCheck = 0830;
				LastUpgradeCheck = 0900;
				ORGANIZATIONNAME = "Michael Michailidis";
				TargetAttributes = {
					BE6568D31F57DE10007E41D2 = {
						CreatedOnToolsVersion = 8.3.3;
						DevelopmentTeam = EKG2553W7Z;
						LastSwiftMigration = 0900;
						ProvisioningStyle = Automatic;
					};
					BE6568E71F57DE10007E41D2 = {
						CreatedOnToolsVersion = 8.3.3;
						LastSwiftMigration = 0900;
						ProvisioningStyle = Automatic;
						TestTargetID = BE6568D31F57DE10007E41D2;
					};
				};
			};
			buildConfigurationList = BE6568CF1F57DE10007E41D2 /* Build configuration list for PBXProject "Kinieta" */;
			compatibilityVersion = "Xcode 3.2";
			developmentRegion = English;
			hasScannedForEncodings = 0;
			knownRegions = (
				en,
				Base,
			);
			mainGroup = BE6568CB1F57DE10007E41D2;
			productRefGroup = BE6568D51F57DE10007E41D2 /* Products */;
			projectDirPath = "";
			projectRoot = "";
			targets = (
				BE6568D31F57DE10007E41D2 /* Kinieta */,
				BE6568E71F57DE10007E41D2 /* KinietaTests */,
			);
		};
/* End PBXProject section */

/* Begin PBXResourcesBuildPhase section */
		BE6568D21F57DE10007E41D2 /* Resources */ = {
			isa = PBXResourcesBuildPhase;
			buildActionMask = 2147483647;
			files = (
				BE6568E21F57DE10007E41D2 /* LaunchScreen.storyboard in Resources */,
				BE6568DF1F57DE10007E41D2 /* Assets.xcassets in Resources */,
				BE6568DD1F57DE10007E41D2 /* Main.storyboard in Resources */,
			);
			runOnlyForDeploymentPostprocessing = 0;
		};
		BE6568E61F57DE10007E41D2 /* Resources */ = {
			isa = PBXResourcesBuildPhase;
			buildActionMask = 2147483647;
			files = (
			);
			runOnlyForDeploymentPostprocessing = 0;
		};
/* End PBXResourcesBuildPhase section */

/* Begin PBXSourcesBuildPhase section */
		BE6568D01F57DE10007E41D2 /* Sources */ = {
			isa = PBXSourcesBuildPhase;
			buildActionMask = 2147483647;
			files = (
				BE6568FE1F656019007E41D2 /* Group.swift in Sources */,
				BE6568FA1F652B6C007E41D2 /* Action.swift in Sources */,
				C77895871F8B6ADA004A6274 /* Sequence.swift in Sources */,
				C772DF781F57F33100A3F690 /* Animation.swift in Sources */,
				C772DF7E1F581B7B00A3F690 /* Easing.swift in Sources */,
				C7B25ADA1F5FCEFA0060071E /* Transformations.swift in Sources */,
				C7937B8E1F8E301B00B54DC0 /* Collection.swift in Sources */,
				C7B25ADC1F5FD0AA0060071E /* View.swift in Sources */,
				C772DF7C1F58129000A3F690 /* Bezier.swift in Sources */,
				BE6568DA1F57DE10007E41D2 /* ViewController.swift in Sources */,
				BE6568D81F57DE10007E41D2 /* AppDelegate.swift in Sources */,
				BE6568FC1F6536E0007E41D2 /* Pause.swift in Sources */,
				C7B25AD81F5FCE9B0060071E /* Engine.swift in Sources */,
				C7937B901F8E30D900B54DC0 /* Kinieta.swift in Sources */,
			);
			runOnlyForDeploymentPostprocessing = 0;
		};
		BE6568E41F57DE10007E41D2 /* Sources */ = {
			isa = PBXSourcesBuildPhase;
			buildActionMask = 2147483647;
			files = (
				C772DF821F5D4FA800A3F690 /* Easing.swift in Sources */,
				C772DF841F5D51F100A3F690 /* CalculationsTests.swift in Sources */,
				C7937B881F8CDF8C00B54DC0 /* Sequence.swift in Sources */,
				C772DF811F5D4FA600A3F690 /* Bezier.swift in Sources */,
				C772DF801F5D4FA200A3F690 /* Animation.swift in Sources */,
				BE6568ED1F57DE10007E41D2 /* KinietaTests.swift in Sources */,
				C7937B921F8E4AA000B54DC0 /* Kinieta.swift in Sources */,
			);
			runOnlyForDeploymentPostprocessing = 0;
		};
/* End PBXSourcesBuildPhase section */

/* Begin PBXTargetDependency section */
		BE6568EA1F57DE10007E41D2 /* PBXTargetDependency */ = {
			isa = PBXTargetDependency;
			target = BE6568D31F57DE10007E41D2 /* Kinieta */;
			targetProxy = BE6568E91F57DE10007E41D2 /* PBXContainerItemProxy */;
		};
/* End PBXTargetDependency section */

/* Begin PBXVariantGroup section */
		BE6568DB1F57DE10007E41D2 /* Main.storyboard */ = {
			isa = PBXVariantGroup;
			children = (
				BE6568DC1F57DE10007E41D2 /* Base */,
			);
			name = Main.storyboard;
			sourceTree = "<group>";
		};
		BE6568E01F57DE10007E41D2 /* LaunchScreen.storyboard */ = {
			isa = PBXVariantGroup;
			children = (
				BE6568E11F57DE10007E41D2 /* Base */,
			);
			name = LaunchScreen.storyboard;
			sourceTree = "<group>";
		};
/* End PBXVariantGroup section */

/* Begin XCBuildConfiguration section */
		BE6568EF1F57DE10007E41D2 /* Debug */ = {
			isa = XCBuildConfiguration;
			buildSettings = {
				ALWAYS_SEARCH_USER_PATHS = NO;
				CLANG_ANALYZER_NONNULL = YES;
				CLANG_ANALYZER_NUMBER_OBJECT_CONVERSION = YES_AGGRESSIVE;
				CLANG_CXX_LANGUAGE_STANDARD = "gnu++0x";
				CLANG_CXX_LIBRARY = "libc++";
				CLANG_ENABLE_MODULES = YES;
				CLANG_ENABLE_OBJC_ARC = YES;
				CLANG_WARN_BLOCK_CAPTURE_AUTORELEASING = YES;
				CLANG_WARN_BOOL_CONVERSION = YES;
				CLANG_WARN_COMMA = YES;
				CLANG_WARN_CONSTANT_CONVERSION = YES;
				CLANG_WARN_DIRECT_OBJC_ISA_USAGE = YES_ERROR;
				CLANG_WARN_DOCUMENTATION_COMMENTS = YES;
				CLANG_WARN_EMPTY_BODY = YES;
				CLANG_WARN_ENUM_CONVERSION = YES;
				CLANG_WARN_INFINITE_RECURSION = YES;
				CLANG_WARN_INT_CONVERSION = YES;
				CLANG_WARN_NON_LITERAL_NULL_CONVERSION = YES;
				CLANG_WARN_OBJC_LITERAL_CONVERSION = YES;
				CLANG_WARN_OBJC_ROOT_CLASS = YES_ERROR;
				CLANG_WARN_RANGE_LOOP_ANALYSIS = YES;
				CLANG_WARN_STRICT_PROTOTYPES = YES;
				CLANG_WARN_SUSPICIOUS_MOVE = YES;
				CLANG_WARN_UNREACHABLE_CODE = YES;
				CLANG_WARN__DUPLICATE_METHOD_MATCH = YES;
				"CODE_SIGN_IDENTITY[sdk=iphoneos*]" = "iPhone Developer";
				COPY_PHASE_STRIP = NO;
				DEBUG_INFORMATION_FORMAT = dwarf;
				ENABLE_STRICT_OBJC_MSGSEND = YES;
				ENABLE_TESTABILITY = YES;
				GCC_C_LANGUAGE_STANDARD = gnu99;
				GCC_DYNAMIC_NO_PIC = NO;
				GCC_NO_COMMON_BLOCKS = YES;
				GCC_OPTIMIZATION_LEVEL = 0;
				GCC_PREPROCESSOR_DEFINITIONS = (
					"DEBUG=1",
					"$(inherited)",
				);
				GCC_WARN_64_TO_32_BIT_CONVERSION = YES;
				GCC_WARN_ABOUT_RETURN_TYPE = YES_ERROR;
				GCC_WARN_UNDECLARED_SELECTOR = YES;
				GCC_WARN_UNINITIALIZED_AUTOS = YES_AGGRESSIVE;
				GCC_WARN_UNUSED_FUNCTION = YES;
				GCC_WARN_UNUSED_VARIABLE = YES;
				IPHONEOS_DEPLOYMENT_TARGET = 10.3;
				MTL_ENABLE_DEBUG_INFO = YES;
				ONLY_ACTIVE_ARCH = YES;
				SDKROOT = iphoneos;
				SWIFT_ACTIVE_COMPILATION_CONDITIONS = DEBUG;
				SWIFT_OPTIMIZATION_LEVEL = "-Onone";
				TARGETED_DEVICE_FAMILY = "1,2";
			};
			name = Debug;
		};
		BE6568F01F57DE10007E41D2 /* Release */ = {
			isa = XCBuildConfiguration;
			buildSettings = {
				ALWAYS_SEARCH_USER_PATHS = NO;
				CLANG_ANALYZER_NONNULL = YES;
				CLANG_ANALYZER_NUMBER_OBJECT_CONVERSION = YES_AGGRESSIVE;
				CLANG_CXX_LANGUAGE_STANDARD = "gnu++0x";
				CLANG_CXX_LIBRARY = "libc++";
				CLANG_ENABLE_MODULES = YES;
				CLANG_ENABLE_OBJC_ARC = YES;
				CLANG_WARN_BLOCK_CAPTURE_AUTORELEASING = YES;
				CLANG_WARN_BOOL_CONVERSION = YES;
				CLANG_WARN_COMMA = YES;
				CLANG_WARN_CONSTANT_CONVERSION = YES;
				CLANG_WARN_DIRECT_OBJC_ISA_USAGE = YES_ERROR;
				CLANG_WARN_DOCUMENTATION_COMMENTS = YES;
				CLANG_WARN_EMPTY_BODY = YES;
				CLANG_WARN_ENUM_CONVERSION = YES;
				CLANG_WARN_INFINITE_RECURSION = YES;
				CLANG_WARN_INT_CONVERSION = YES;
				CLANG_WARN_NON_LITERAL_NULL_CONVERSION = YES;
				CLANG_WARN_OBJC_LITERAL_CONVERSION = YES;
				CLANG_WARN_OBJC_ROOT_CLASS = YES_ERROR;
				CLANG_WARN_RANGE_LOOP_ANALYSIS = YES;
				CLANG_WARN_STRICT_PROTOTYPES = YES;
				CLANG_WARN_SUSPICIOUS_MOVE = YES;
				CLANG_WARN_UNREACHABLE_CODE = YES;
				CLANG_WARN__DUPLICATE_METHOD_MATCH = YES;
				"CODE_SIGN_IDENTITY[sdk=iphoneos*]" = "iPhone Developer";
				COPY_PHASE_STRIP = NO;
				DEBUG_INFORMATION_FORMAT = "dwarf-with-dsym";
				ENABLE_NS_ASSERTIONS = NO;
				ENABLE_STRICT_OBJC_MSGSEND = YES;
				GCC_C_LANGUAGE_STANDARD = gnu99;
				GCC_NO_COMMON_BLOCKS = YES;
				GCC_WARN_64_TO_32_BIT_CONVERSION = YES;
				GCC_WARN_ABOUT_RETURN_TYPE = YES_ERROR;
				GCC_WARN_UNDECLARED_SELECTOR = YES;
				GCC_WARN_UNINITIALIZED_AUTOS = YES_AGGRESSIVE;
				GCC_WARN_UNUSED_FUNCTION = YES;
				GCC_WARN_UNUSED_VARIABLE = YES;
				IPHONEOS_DEPLOYMENT_TARGET = 10.3;
				MTL_ENABLE_DEBUG_INFO = NO;
				SDKROOT = iphoneos;
				SWIFT_OPTIMIZATION_LEVEL = "-Owholemodule";
				TARGETED_DEVICE_FAMILY = "1,2";
				VALIDATE_PRODUCT = YES;
			};
			name = Release;
		};
		BE6568F21F57DE10007E41D2 /* Debug */ = {
			isa = XCBuildConfiguration;
			buildSettings = {
				ASSETCATALOG_COMPILER_APPICON_NAME = AppIcon;
				DEVELOPMENT_TEAM = EKG2553W7Z;
				INFOPLIST_FILE = Kinieta/Info.plist;
				LD_RUNPATH_SEARCH_PATHS = "$(inherited) @executable_path/Frameworks";
				PRODUCT_BUNDLE_IDENTIFIER = com.karmadust.Kinieta;
				PRODUCT_NAME = "$(TARGET_NAME)";
				SWIFT_SWIFT3_OBJC_INFERENCE = Default;
				SWIFT_VERSION = 4.0;
				TARGETED_DEVICE_FAMILY = 1;
			};
			name = Debug;
		};
		BE6568F31F57DE10007E41D2 /* Release */ = {
			isa = XCBuildConfiguration;
			buildSettings = {
				ASSETCATALOG_COMPILER_APPICON_NAME = AppIcon;
				DEVELOPMENT_TEAM = EKG2553W7Z;
				INFOPLIST_FILE = Kinieta/Info.plist;
				LD_RUNPATH_SEARCH_PATHS = "$(inherited) @executable_path/Frameworks";
				PRODUCT_BUNDLE_IDENTIFIER = com.karmadust.Kinieta;
				PRODUCT_NAME = "$(TARGET_NAME)";
				SWIFT_SWIFT3_OBJC_INFERENCE = Default;
				SWIFT_VERSION = 4.0;
				TARGETED_DEVICE_FAMILY = 1;
			};
			name = Release;
		};
		BE6568F51F57DE10007E41D2 /* Debug */ = {
			isa = XCBuildConfiguration;
			buildSettings = {
				ALWAYS_EMBED_SWIFT_STANDARD_LIBRARIES = YES;
				BUNDLE_LOADER = "$(TEST_HOST)";
				INFOPLIST_FILE = KinietaTests/Info.plist;
				LD_RUNPATH_SEARCH_PATHS = "$(inherited) @executable_path/Frameworks @loader_path/Frameworks";
				PRODUCT_BUNDLE_IDENTIFIER = com.karmadust.KinietaTests;
				PRODUCT_NAME = "$(TARGET_NAME)";
				SWIFT_SWIFT3_OBJC_INFERENCE = On;
				SWIFT_VERSION = 4.0;
				TEST_HOST = "$(BUILT_PRODUCTS_DIR)/Kinieta.app/Kinieta";
			};
			name = Debug;
		};
		BE6568F61F57DE10007E41D2 /* Release */ = {
			isa = XCBuildConfiguration;
			buildSettings = {
				ALWAYS_EMBED_SWIFT_STANDARD_LIBRARIES = YES;
				BUNDLE_LOADER = "$(TEST_HOST)";
				INFOPLIST_FILE = KinietaTests/Info.plist;
				LD_RUNPATH_SEARCH_PATHS = "$(inherited) @executable_path/Frameworks @loader_path/Frameworks";
				PRODUCT_BUNDLE_IDENTIFIER = com.karmadust.KinietaTests;
				PRODUCT_NAME = "$(TARGET_NAME)";
				SWIFT_SWIFT3_OBJC_INFERENCE = On;
				SWIFT_VERSION = 4.0;
				TEST_HOST = "$(BUILT_PRODUCTS_DIR)/Kinieta.app/Kinieta";
			};
			name = Release;
		};
/* End XCBuildConfiguration section */

/* Begin XCConfigurationList section */
		BE6568CF1F57DE10007E41D2 /* Build configuration list for PBXProject "Kinieta" */ = {
			isa = XCConfigurationList;
			buildConfigurations = (
				BE6568EF1F57DE10007E41D2 /* Debug */,
				BE6568F01F57DE10007E41D2 /* Release */,
			);
			defaultConfigurationIsVisible = 0;
			defaultConfigurationName = Release;
		};
		BE6568F11F57DE10007E41D2 /* Build configuration list for PBXNativeTarget "Kinieta" */ = {
			isa = XCConfigurationList;
			buildConfigurations = (
				BE6568F21F57DE10007E41D2 /* Debug */,
				BE6568F31F57DE10007E41D2 /* Release */,
			);
			defaultConfigurationIsVisible = 0;
			defaultConfigurationName = Release;
		};
		BE6568F41F57DE10007E41D2 /* Build configuration list for PBXNativeTarget "KinietaTests" */ = {
			isa = XCConfigurationList;
			buildConfigurations = (
				BE6568F51F57DE10007E41D2 /* Debug */,
				BE6568F61F57DE10007E41D2 /* Release */,
			);
			defaultConfigurationIsVisible = 0;
			defaultConfigurationName = Release;
		};
/* End XCConfigurationList section */
	};
	rootObject = BE6568CC1F57DE10007E41D2 /* Project object */;
}
